{
  "name": "zopia",
  "version": "0.1.0",
  "lockfileVersion": 3,
  "requires": true,
  "packages": {
    "": {
      "name": "zopia",
      "version": "0.1.0",
      "license": "MIT",
      "devDependencies": {
        "km-api": "^0.4.0",
        "zod": "^4.6.5"
      },
      "engines": {
        "node": ">=20"
      }
    },
    "node_modules/km-api": {
      "version": "0.4.0",
      "resolved": "https://registry.npmjs.org/km-api/-/km-api-0.4.0.tgz",
      "integrity": "sha512-uW803DP3b0dJozSxWzIrIHh1FVvxUQuwT9bPxYA8q6sIXlxHwfNoYV/LqoroqzEwMHx2T/XKdhJdqO2ayEltdA==",
      "dev": true,
      "license": "MIT",
      "engines": {
        "node": ">=14"
      },
      "peerDependencies": {
        "zod": "^4.3.6"
      }
    },
    "node_modules/zod": {
      "version": "4.6.5",
      "resolved": "https://registry.npmjs.org/zod/-/zod-4.6.5.tgz",
      "integrity": "sha512-v5l/aFXZQeai4awLbOpSoHecE9UiMrnfx75tEXLjNonXVARxQ5mOeipTjROUchszUNCqnE+hqAMujRsRHsut2Q==",
      "dev": true,
      "license": "MIT",
      "funding": {
        "url": "https://github.com/sponsors/colinhacks"
      }
    }
  }
}
